# THIS IS AN AUTOGENERATED FILE. DO NOT EDIT THIS FILE DIRECTLY.
# yarn lockfile v1


axios@^0.21.1:
  version "0.21.4"
  resolved "https://registry.yarnpkg.com/axios/-/axios-0.21.4.tgz#c67b90dc0568e5c1cf2b0b858c43ba28e2eda575"
  integrity sha512-ut5vewkiu8jjGBdqpM44XxjuCjq9LAKeHVmoVfHVzy8eHgxxq8SbAVQNovDA8mVi05kP0Ea/n/UzcSHcTJQfNg==
  dependencies:
    follow-redirects "^1.14.0"

follow-redirects@^1.14.0:
  version "1.14.7"
  resolved "https://registry.yarnpkg.com/follow-redirects/-/follow-redirects-1.14.7.tgz#2004c02eb9436eee9a21446a6477debf17e81685"
  integrity sha512-+hbxoLbFMbRKDwohX8GkTataGqO6Jb7jGwpAlwgy2bIz25XtRm7KEzJM76R1WiNT5SwZkX4Y75SwBolkpmE7iQ==

twitch-m3u8@^1.1.5:
  version "1.1.5"
  resolved "https://registry.yarnpkg.com/twitch-m3u8/-/twitch-m3u8-1.1.5.tgz#8323e1ab17f8dfbfddf3acd9c5a90b544604c5e2"
  integrity sha512-o037ePS9fwfuOmBe/ftji/e3cqzWq50AUvuIHJZ5E0pV73UMjn3BAm00aZUYVrt3Ns6k08HvhVjAIya/WYcGRg==

undici@^4.3.1:
  version "4.12.1"
  resolved "https://registry.yarnpkg.com/undici/-/undici-4.12.1.tgz#3a7b5fb12f835a96a65397dd94578464b08d1c27"
  integrity sha512-MSfap7YiQJqTPP12C11PFRs9raZuVicDbwsZHTjB0a8+SsCqt7KdUis54f373yf7ZFhJzAkGJLaKm0202OIxHg==

youtube-stream-url@^2.0.2:
  version "2.0.2"
  resolved "https://registry.yarnpkg.com/youtube-stream-url/-/youtube-stream-url-2.0.2.tgz#326fc6a7052c73a9e07cd2f0c4d33a03a1bf1162"
  integrity sha512-6nqmC/EIdHfh9oFULQC7JLqPrc5U73c7N9iegIY8D0NPrrUOj4Bif+X7bUXEE/pxpeuB+RTp4JwI6xGZFbrMUg==
  dependencies:
    axios "^0.21.1"

yt-live-url@^1.0.0, yt-live-url@^1.0.1:
  version "1.0.1"
  resolved "https://registry.yarnpkg.com/yt-live-url/-/yt-live-url-1.0.1.tgz#5664c02139de6f4bdbce0e889e6d7d0763222d6c"
  integrity sha512-+0pF3TaemH9yUZcBrIBVha3XE3KRSS5HLtZESvdUN/DwBZxp7PMVgC0W1ZkcwzwOCyUdztcfVfKrHUI2h/mDIA==
  dependencies:
    undici "^4.3.1"
    yt-live-url "^1.0.0"

yt-url-parser@^1.0.1:
  version "1.0.1"
  resolved "https://registry.yarnpkg.com/yt-url-parser/-/yt-url-parser-1.0.1.tgz#0529392503c24d09153a2ba6541511ecc5020b74"
  integrity sha512-NthK2Bxnbua+NUCwqFGA0KjYGTvmZQDI8qLdtBuB/qmBXAgIy7+1ChFqlyTustkkypma5mVPZ7kNUCFY6nd/IA==
  dependencies:
    axios "^0.21.1"
